
Microsoft Visual Studio Solution File, Format Version 11.00
# Visual Studio 2010
Project("{FAE04EC0-301F-11D3-BF4B-00C04F79EFBC}") = "Aplicacao", "Aplicacao\Aplicacao.csproj", "{FD562854-66F9-4DD8-979D-BF32B9EA25D8}"
EndProject
Project("{FAE04EC0-301F-11D3-BF4B-00C04F79EFBC}") = "TestProject1", "TestProject1\TestProject1.csproj", "{E37E519E-CD8E-46C0-A659-E0204B5E6639}"
EndProject
Project("{2150E333-8FDC-42A3-9474-1A3956D46DE8}") = "Solution Items", "Solution Items", "{62B7688A-E612-4DF9-AF19-D3056BB2CB40}"
	ProjectSection(SolutionItems) = preProject
		Local.testsettings = Local.testsettings
		TDD.vsmdi = TDD.vsmdi
		TraceAndTestImpact.testsettings = TraceAndTestImpact.testsettings
	EndProjectSection
EndProject
Global
	GlobalSection(TestCaseManagementSettings) = postSolution
		CategoryFile = TDD.vsmdi
	EndGlobalSection
	GlobalSection(SolutionConfigurationPlatforms) = preSolution
		Debug|Any CPU = Debug|Any CPU
		Debug|Mixed Platforms = Debug|Mixed Platforms
		Debug|x86 = Debug|x86
		Release|Any CPU = Release|Any CPU
		Release|Mixed Platforms = Release|Mixed Platforms
		Release|x86 = Release|x86
	EndGlobalSection
	GlobalSection(ProjectConfigurationPlatforms) = postSolution
		{FD562854-66F9-4DD8-979D-BF32B9EA25D8}.Debug|Any CPU.ActiveCfg = Debug|x86
		{FD562854-66F9-4DD8-979D-BF32B9EA25D8}.Debug|Mixed Platforms.ActiveCfg = Debug|x86
		{FD562854-66F9-4DD8-979D-BF32B9EA25D8}.Debug|Mixed Platforms.Build.0 = Debug|x86
		{FD562854-66F9-4DD8-979D-BF32B9EA25D8}.Debug|x86.ActiveCfg = Debug|x86
		{FD562854-66F9-4DD8-979D-BF32B9EA25D8}.Debug|x86.Build.0 = Debug|x86
		{FD562854-66F9-4DD8-979D-BF32B9EA25D8}.Release|Any CPU.ActiveCfg = Release|x86
		{FD562854-66F9-4DD8-979D-BF32B9EA25D8}.Release|Mixed Platforms.ActiveCfg = Release|x86
		{FD562854-66F9-4DD8-979D-BF32B9EA25D8}.Release|Mixed Platforms.Build.0 = Release|x86
		{FD562854-66F9-4DD8-979D-BF32B9EA25D8}.Release|x86.ActiveCfg = Release|x86
		{FD562854-66F9-4DD8-979D-BF32B9EA25D8}.Release|x86.Build.0 = Release|x86
		{E37E519E-CD8E-46C0-A659-E0204B5E6639}.Debug|Any CPU.ActiveCfg = Debug|Any CPU
		{E37E519E-CD8E-46C0-A659-E0204B5E6639}.Debug|Any CPU.Build.0 = Debug|Any CPU
		{E37E519E-CD8E-46C0-A659-E0204B5E6639}.Debug|Mixed Platforms.ActiveCfg = Debug|Any CPU
		{E37E519E-CD8E-46C0-A659-E0204B5E6639}.Debug|Mixed Platforms.Build.0 = Debug|Any CPU
		{E37E519E-CD8E-46C0-A659-E0204B5E6639}.Debug|x86.ActiveCfg = Debug|Any CPU
		{E37E519E-CD8E-46C0-A659-E0204B5E6639}.Release|Any CPU.ActiveCfg = Release|Any CPU
		{E37E519E-CD8E-46C0-A659-E0204B5E6639}.Release|Any CPU.Build.0 = Release|Any CPU
		{E37E519E-CD8E-46C0-A659-E0204B5E6639}.Release|Mixed Platforms.ActiveCfg = Release|Any CPU
		{E37E519E-CD8E-46C0-A659-E0204B5E6639}.Release|Mixed Platforms.Build.0 = Release|Any CPU
		{E37E519E-CD8E-46C0-A659-E0204B5E6639}.Release|x86.ActiveCfg = Release|Any CPU
	EndGlobalSection
	GlobalSection(SolutionProperties) = preSolution
		HideSolutionNode = FALSE
	EndGlobalSection
EndGlobal
